
Microsoft Visual Studio Solution File, Format Version 12.00
# Visual Studio Version 16
VisualStudioVersion = 16.0.30907.101
MinimumVisualStudioVersion = 10.0.40219.1
Project("{8BC9CEB8-8B4A-11D0-8D11-00A0C91BC942}") = "AOC2019", "AOC2019.vcxproj", "{16E131EB-CC03-4E77-A4D8-D2790CD28FB8}"
EndProject
Global
	GlobalSection(SolutionConfigurationPlatforms) = preSolution
		Debug|x64 = Debug|x64
		Debug|x86 = Debug|x86
		Release|x64 = Release|x64
		Release|x86 = Release|x86
	EndGlobalSection
	GlobalSection(ProjectConfigurationPlatforms) = postSolution
		{16E131EB-CC03-4E77-A4D8-D2790CD28FB8}.Debug|x64.ActiveCfg = Debug|x64
		{16E131EB-CC03-4E77-A4D8-D2790CD28FB8}.Debug|x64.Build.0 = Debug|x64
		{16E131EB-CC03-4E77-A4D8-D2790CD28FB8}.Debug|x86.ActiveCfg = Debug|Win32
		{16E131EB-CC03-4E77-A4D8-D2790CD28FB8}.Debug|x86.Build.0 = Debug|Win32
		{16E131EB-CC03-4E77-A4D8-D2790CD28FB8}.Release|x64.ActiveCfg = Release|x64
		{16E131EB-CC03-4E77-A4D8-D2790CD28FB8}.Release|x64.Build.0 = Release|x64
		{16E131EB-CC03-4E77-A4D8-D2790CD28FB8}.Release|x86.ActiveCfg = Release|Win32
		{16E131EB-CC03-4E77-A4D8-D2790CD28FB8}.Release|x86.Build.0 = Release|Win32
	EndGlobalSection
	GlobalSection(SolutionProperties) = preSolution
		HideSolutionNode = FALSE
	EndGlobalSection
	GlobalSection(ExtensibilityGlobals) = postSolution
		SolutionGuid = {0ADAA00F-17D3-4E56-82CC-C4C83D10BEB1}
	EndGlobalSection
EndGlobal
