
Microsoft Visual Studio Solution File, Format Version 12.00
# Visual Studio Version 16
VisualStudioVersion = 16.0.30907.101
MinimumVisualStudioVersion = 10.0.40219.1
Project("{8BC9CEB8-8B4A-11D0-8D11-00A0C91BC942}") = "AOC2015", "AOC2015\AOC2015.vcxproj", "{6518E69F-4A34-4761-8C00-67FD8D72C3E0}"
EndProject
Global
	GlobalSection(SolutionConfigurationPlatforms) = preSolution
		Debug|x64 = Debug|x64
		Debug|x86 = Debug|x86
		Release|x64 = Release|x64
		Release|x86 = Release|x86
	EndGlobalSection
	GlobalSection(ProjectConfigurationPlatforms) = postSolution
		{6518E69F-4A34-4761-8C00-67FD8D72C3E0}.Debug|x64.ActiveCfg = Debug|x64
		{6518E69F-4A34-4761-8C00-67FD8D72C3E0}.Debug|x64.Build.0 = Debug|x64
		{6518E69F-4A34-4761-8C00-67FD8D72C3E0}.Debug|x86.ActiveCfg = Debug|Win32
		{6518E69F-4A34-4761-8C00-67FD8D72C3E0}.Debug|x86.Build.0 = Debug|Win32
		{6518E69F-4A34-4761-8C00-67FD8D72C3E0}.Release|x64.ActiveCfg = Release|x64
		{6518E69F-4A34-4761-8C00-67FD8D72C3E0}.Release|x64.Build.0 = Release|x64
		{6518E69F-4A34-4761-8C00-67FD8D72C3E0}.Release|x86.ActiveCfg = Release|Win32
		{6518E69F-4A34-4761-8C00-67FD8D72C3E0}.Release|x86.Build.0 = Release|Win32
	EndGlobalSection
	GlobalSection(SolutionProperties) = preSolution
		HideSolutionNode = FALSE
	EndGlobalSection
	GlobalSection(ExtensibilityGlobals) = postSolution
		SolutionGuid = {CBA9958E-B225-4B69-8B6A-7EAFD3191896}
	EndGlobalSection
EndGlobal
